
Microsoft Visual Studio Solution File, Format Version 12.00
# Visual Studio Version 17
VisualStudioVersion = 17.14.36109.1 d17.14
MinimumVisualStudioVersion = 10.0.40219.1
Project("{FAE04EC0-301F-11D3-BF4B-00C04F79EFBC}") = "DualAudioShare", "DualAudioShare.csproj", "{3A5D2057-CBFE-4556-A204-F927B53726EA}"
EndProject
Global
	GlobalSection(SolutionConfigurationPlatforms) = preSolution
		Debug|Any CPU = Debug|Any CPU
		Release|Any CPU = Release|Any CPU
	EndGlobalSection
	GlobalSection(ProjectConfigurationPlatforms) = postSolution
		{3A5D2057-CBFE-4556-A204-F927B53726EA}.Debug|Any CPU.ActiveCfg = Debug|Any CPU
		{3A5D2057-CBFE-4556-A204-F927B53726EA}.Debug|Any CPU.Build.0 = Debug|Any CPU
		{3A5D2057-CBFE-4556-A204-F927B53726EA}.Release|Any CPU.ActiveCfg = Release|Any CPU
		{3A5D2057-CBFE-4556-A204-F927B53726EA}.Release|Any CPU.Build.0 = Release|Any CPU
	EndGlobalSection
	GlobalSection(SolutionProperties) = preSolution
		HideSolutionNode = FALSE
	EndGlobalSection
	GlobalSection(ExtensibilityGlobals) = postSolution
		SolutionGuid = {358829F4-2B40-45DF-94C3-0B67C7951F88}
	EndGlobalSection
EndGlobal
